
Microsoft Visual Studio Solution File, Format Version 10.00
# Visual Studio 2008
Project("{8BC9CEB8-8B4A-11D0-8D11-00A0C91BC942}") = "GNET_Peer", "GNET\Client\Client.vcproj", "{33BF4F4D-8342-4FBB-A6B9-564250109022}"
EndProject
Project("{8BC9CEB8-8B4A-11D0-8D11-00A0C91BC942}") = "Test_Client", "Test_Client\Test_Client.vcproj", "{782B0626-AE6B-4CD0-A0FF-EA1F294B7020}"
EndProject
Project("{8BC9CEB8-8B4A-11D0-8D11-00A0C91BC942}") = "Test_Server", "Test_Server\Test_Server.vcproj", "{F2708FD0-273E-4503-BCFC-F53CF3864104}"
EndProject
Project("{8BC9CEB8-8B4A-11D0-8D11-00A0C91BC942}") = "MemoryTest", "MemoryTest\MemoryTest.vcproj", "{28A82F11-E620-48CA-AE8B-3A9DFB680478}"
EndProject
Project("{8BC9CEB8-8B4A-11D0-8D11-00A0C91BC942}") = "test", "test\test.vcproj", "{08E3FA69-C3EC-4EA0-9793-DFF8C3F7F8C2}"
EndProject
Global
	GlobalSection(SolutionConfigurationPlatforms) = preSolution
		Debug|Win32 = Debug|Win32
		Release|Win32 = Release|Win32
	EndGlobalSection
	GlobalSection(ProjectConfigurationPlatforms) = postSolution
		{33BF4F4D-8342-4FBB-A6B9-564250109022}.Debug|Win32.ActiveCfg = Debug|Win32
		{33BF4F4D-8342-4FBB-A6B9-564250109022}.Debug|Win32.Build.0 = Debug|Win32
		{33BF4F4D-8342-4FBB-A6B9-564250109022}.Release|Win32.ActiveCfg = Release|Win32
		{33BF4F4D-8342-4FBB-A6B9-564250109022}.Release|Win32.Build.0 = Release|Win32
		{782B0626-AE6B-4CD0-A0FF-EA1F294B7020}.Debug|Win32.ActiveCfg = Debug|Win32
		{782B0626-AE6B-4CD0-A0FF-EA1F294B7020}.Debug|Win32.Build.0 = Debug|Win32
		{782B0626-AE6B-4CD0-A0FF-EA1F294B7020}.Release|Win32.ActiveCfg = Release|Win32
		{782B0626-AE6B-4CD0-A0FF-EA1F294B7020}.Release|Win32.Build.0 = Release|Win32
		{F2708FD0-273E-4503-BCFC-F53CF3864104}.Debug|Win32.ActiveCfg = Debug|Win32
		{F2708FD0-273E-4503-BCFC-F53CF3864104}.Debug|Win32.Build.0 = Debug|Win32
		{F2708FD0-273E-4503-BCFC-F53CF3864104}.Release|Win32.ActiveCfg = Release|Win32
		{F2708FD0-273E-4503-BCFC-F53CF3864104}.Release|Win32.Build.0 = Release|Win32
		{28A82F11-E620-48CA-AE8B-3A9DFB680478}.Debug|Win32.ActiveCfg = Debug|Win32
		{28A82F11-E620-48CA-AE8B-3A9DFB680478}.Debug|Win32.Build.0 = Debug|Win32
		{28A82F11-E620-48CA-AE8B-3A9DFB680478}.Release|Win32.ActiveCfg = Release|Win32
		{28A82F11-E620-48CA-AE8B-3A9DFB680478}.Release|Win32.Build.0 = Release|Win32
		{08E3FA69-C3EC-4EA0-9793-DFF8C3F7F8C2}.Debug|Win32.ActiveCfg = Debug|Win32
		{08E3FA69-C3EC-4EA0-9793-DFF8C3F7F8C2}.Debug|Win32.Build.0 = Debug|Win32
		{08E3FA69-C3EC-4EA0-9793-DFF8C3F7F8C2}.Release|Win32.ActiveCfg = Release|Win32
		{08E3FA69-C3EC-4EA0-9793-DFF8C3F7F8C2}.Release|Win32.Build.0 = Release|Win32
	EndGlobalSection
	GlobalSection(SolutionProperties) = preSolution
		HideSolutionNode = FALSE
	EndGlobalSection
EndGlobal
